
Microsoft Visual Studio Solution File, Format Version 12.00
# Visual Studio Version 17
VisualStudioVersion = 17.11.35303.130
MinimumVisualStudioVersion = 10.0.40219.1
Project("{2150E333-8FDC-42A3-9474-1A3956D46DE8}") = "Task0", "Task0", "{8F70B849-E735-45D9-A29B-4D322856BD81}"
	ProjectSection(SolutionItems) = preProject
		Tyuiu.TsarevDT.Sprint0.Task0.V0 = Tyuiu.TsarevDT.Sprint0.Task0.V0
	EndProjectSection
EndProject
Project("{2150E333-8FDC-42A3-9474-1A3956D46DE8}") = "Task1", "Task1", "{54680C91-E8A3-4BAC-8E10-02741D6DF8C1}"
EndProject
Project("{9A19103F-16F7-4668-BE54-9A1E7A4F7556}") = "Tyuiu.TsarevDT.Sprint0.Task1.V0", "Tyuiu.TsarevDT.Sprint0.Task1.V0\Tyuiu.TsarevDT.Sprint0.Task1.V0.csproj", "{EEADA5F9-D9FB-4648-9C1A-528DECC6B68E}"
EndProject
Project("{2150E333-8FDC-42A3-9474-1A3956D46DE8}") = "Task2", "Task2", "{AEF02A7A-8BB2-4813-8E34-535EEF61011A}"
EndProject
Project("{9A19103F-16F7-4668-BE54-9A1E7A4F7556}") = "Tyuiu.TsarevDT.Sprint0.Task2.V0", "Tyuiu.TsarevDT.Sprint0.Task2.V0\Tyuiu.TsarevDT.Sprint0.Task2.V0.csproj", "{8EF5E5DD-A030-47CF-A59A-064F9E9AB7FD}"
EndProject
Project("{9A19103F-16F7-4668-BE54-9A1E7A4F7556}") = "Tyuiu.TsarevDT.Sprint0.Task2.V0.Lib", "Tyuiu.TsarevDT.Sprint0.Task2.V0.Lib\Tyuiu.TsarevDT.Sprint0.Task2.V0.Lib.csproj", "{CEEFA068-82E3-4588-954A-592ECCE2A510}"
EndProject
Project("{9A19103F-16F7-4668-BE54-9A1E7A4F7556}") = "Tyuiu.TsarevDT.Sprint0.Task2.V0.Test", "Tyuiu.TsarevDT.Sprint0.Task2.V0.Test\Tyuiu.TsarevDT.Sprint0.Task2.V0.Test.csproj", "{ED591F78-3A9C-4FF1-BE20-29E15BF7BEE0}"
EndProject
Project("{2150E333-8FDC-42A3-9474-1A3956D46DE8}") = "Task3", "Task3", "{C61C840A-313E-449F-A494-56987A69593B}"
EndProject
Project("{FAE04EC0-301F-11D3-BF4B-00C04F79EFBC}") = "Tyuiu.TsarevDT.Sprint0.Task3.V0", "Tyuiu.TsarevTD.Sprint0.Task3.V0\Tyuiu.TsarevDT.Sprint0.Task3.V0.csproj", "{509806A0-4B2C-4571-9113-147D243000EE}"
EndProject
Project("{FAE04EC0-301F-11D3-BF4B-00C04F79EFBC}") = "Tyuiu.TsarevDT.Sprint0.Task3.V0.Lib", "Tyuiu.TsarevTD.Sprint0.Task3.V0.Lib\Tyuiu.TsarevDT.Sprint0.Task3.V0.Lib.csproj", "{D9A1616A-6F1E-4258-B53B-B3BFF6EF4AE8}"
EndProject
Project("{FAE04EC0-301F-11D3-BF4B-00C04F79EFBC}") = "Tyuiu.TsarevDT.Sprint0.Task3.V0.Test", "Tyuiu.TsarevTD.Sprint0.Task3.V0.Test\Tyuiu.TsarevDT.Sprint0.Task3.V0.Test.csproj", "{7197AD60-1445-4F6D-9CFB-1BE019D4156C}"
EndProject
Project("{2150E333-8FDC-42A3-9474-1A3956D46DE8}") = "Task4", "Task4", "{05D04875-0592-4E7D-A0C3-45B82746810D}"
EndProject
Project("{9A19103F-16F7-4668-BE54-9A1E7A4F7556}") = "Tyuiu.TsarevDT.Sprint0.Task4.V0", "Tyuiu.TsarevDT.Sprint0.Task4.V0\Tyuiu.TsarevDT.Sprint0.Task4.V0.csproj", "{D6B8433D-F59B-4422-B75D-FE43BF99141A}"
EndProject
Project("{9A19103F-16F7-4668-BE54-9A1E7A4F7556}") = "Tyuiu.TsarevDT.Sprint0.Task4.V0.Lib", "Tyuiu.TsarevDT.Sprint0.Task4.V0.Lib\Tyuiu.TsarevDT.Sprint0.Task4.V0.Lib.csproj", "{3CF1E3BD-2BFB-4E4D-88F3-5964495E90E4}"
EndProject
Project("{9A19103F-16F7-4668-BE54-9A1E7A4F7556}") = "Tyuiu.TsarevDT.Sprint0.Task4.V0.Test", "Tyuiu.TsarevDT.Sprint0.Task4.V0.Test\Tyuiu.TsarevDT.Sprint0.Task4.V0.Test.csproj", "{683F3039-90EA-4D81-A27A-AADCD5DBE9F4}"
EndProject
Project("{2150E333-8FDC-42A3-9474-1A3956D46DE8}") = "Task5", "Task5", "{5A9D2542-2CDE-44A3-B792-C16B420D8414}"
EndProject
Project("{9A19103F-16F7-4668-BE54-9A1E7A4F7556}") = "Tyuiu.TsarevDT.Sprint0.Task5.V0", "Tyuiu.TsarevDT.Sprint0.Task5.V0\Tyuiu.TsarevDT.Sprint0.Task5.V0.csproj", "{B36D43FA-B5A1-4AE4-A4BC-D5F1291EB3B9}"
EndProject
Project("{9A19103F-16F7-4668-BE54-9A1E7A4F7556}") = "Tyuiu.TsarevDT.Sprint0.Task5.V0.Lib", "Tyuiu.TsarevDT.Sprint0.Task5.V0.Lib\Tyuiu.TsarevDT.Sprint0.Task5.V0.Lib.csproj", "{B74ED9D8-1739-4078-B824-343E0BD29C06}"
EndProject
Project("{9A19103F-16F7-4668-BE54-9A1E7A4F7556}") = "Tyuiu.TsarevDT.Sprint0.Task5.V0.Test", "Tyuiu.TsarevDT.Sprint0.Task5.V0.Test\Tyuiu.TsarevDT.Sprint0.Task5.V0.Test.csproj", "{94C08151-FD62-4D2C-A166-4C4195643C57}"
EndProject
Project("{2150E333-8FDC-42A3-9474-1A3956D46DE8}") = "Task6", "Task6", "{EB7DA348-50B6-4C37-83A3-AE1A3F4E5C48}"
EndProject
Project("{FAE04EC0-301F-11D3-BF4B-00C04F79EFBC}") = "Tyuiu.TsarevDT.Sprint0.Task6.V0", "Tyuiu.TsarevDT.Sprint0.Task6.V0\Tyuiu.TsarevDT.Sprint0.Task6.V0.csproj", "{59A2BB72-4287-4E86-AFB5-4F2E3143E3C2}"
EndProject
Project("{FAE04EC0-301F-11D3-BF4B-00C04F79EFBC}") = "Tyuiu.TsarevDT.Sprint0.Task6.V0.Lib", "Tyuiu.TsarevDT.Sprint0.Task6.V0.Lib\Tyuiu.TsarevDT.Sprint0.Task6.V0.Lib.csproj", "{8D77D6DE-5A8F-4832-B376-CFAA00094BD6}"
EndProject
Project("{FAE04EC0-301F-11D3-BF4B-00C04F79EFBC}") = "Tyuiu.TsarevDT.Sprint0.Task6.V0.Test", "Tyuiu.TsarevDT.Sprint0.Task6.V0.Test\Tyuiu.TsarevDT.Sprint0.Task6.V0.Test.csproj", "{43E1C084-99CB-45FE-B5BC-39BC5AB5266E}"
EndProject
Project("{2150E333-8FDC-42A3-9474-1A3956D46DE8}") = "Task7", "Task7", "{76366234-6514-4594-B574-7CB5F705C1A6}"
EndProject
Project("{FAE04EC0-301F-11D3-BF4B-00C04F79EFBC}") = "Tyuiu.TsarevDT.Sprint0.Task7.V0", "Tyuiu.TsarevDT.Sprint0.Task7.V0\Tyuiu.TsarevDT.Sprint0.Task7.V0.csproj", "{60C94A0B-5B51-4B6B-B504-7B0671F70318}"
EndProject
Project("{FAE04EC0-301F-11D3-BF4B-00C04F79EFBC}") = "Tyuiu.TsarevDT.Sprint0.Task7.V0.Lib", "Tyuiu.TsarevDT.Sprint0.Task7.V0.Lib\Tyuiu.TsarevDT.Sprint0.Task7.V0.Lib.csproj", "{822376D5-997C-445F-9A29-A7BD2BFFAE64}"
EndProject
Project("{FAE04EC0-301F-11D3-BF4B-00C04F79EFBC}") = "Tyuiu.TsarevDT.Sprint0.Task7.V0.Test", "Tyuiu.TsarevDT.Sprint0.Task7.V0.Test\Tyuiu.TsarevDT.Sprint0.Task7.V0.Test.csproj", "{3F3D02B6-C382-4573-A9A7-F48C6B03F3B4}"
EndProject
Global
	GlobalSection(SolutionConfigurationPlatforms) = preSolution
		Debug|Any CPU = Debug|Any CPU
		Release|Any CPU = Release|Any CPU
	EndGlobalSection
	GlobalSection(ProjectConfigurationPlatforms) = postSolution
		{EEADA5F9-D9FB-4648-9C1A-528DECC6B68E}.Debug|Any CPU.ActiveCfg = Debug|Any CPU
		{EEADA5F9-D9FB-4648-9C1A-528DECC6B68E}.Debug|Any CPU.Build.0 = Debug|Any CPU
		{EEADA5F9-D9FB-4648-9C1A-528DECC6B68E}.Release|Any CPU.ActiveCfg = Release|Any CPU
		{EEADA5F9-D9FB-4648-9C1A-528DECC6B68E}.Release|Any CPU.Build.0 = Release|Any CPU
		{8EF5E5DD-A030-47CF-A59A-064F9E9AB7FD}.Debug|Any CPU.ActiveCfg = Debug|Any CPU
		{8EF5E5DD-A030-47CF-A59A-064F9E9AB7FD}.Debug|Any CPU.Build.0 = Debug|Any CPU
		{8EF5E5DD-A030-47CF-A59A-064F9E9AB7FD}.Release|Any CPU.ActiveCfg = Release|Any CPU
		{8EF5E5DD-A030-47CF-A59A-064F9E9AB7FD}.Release|Any CPU.Build.0 = Release|Any CPU
		{CEEFA068-82E3-4588-954A-592ECCE2A510}.Debug|Any CPU.ActiveCfg = Debug|Any CPU
		{CEEFA068-82E3-4588-954A-592ECCE2A510}.Debug|Any CPU.Build.0 = Debug|Any CPU
		{CEEFA068-82E3-4588-954A-592ECCE2A510}.Release|Any CPU.ActiveCfg = Release|Any CPU
		{CEEFA068-82E3-4588-954A-592ECCE2A510}.Release|Any CPU.Build.0 = Release|Any CPU
		{ED591F78-3A9C-4FF1-BE20-29E15BF7BEE0}.Debug|Any CPU.ActiveCfg = Debug|Any CPU
		{ED591F78-3A9C-4FF1-BE20-29E15BF7BEE0}.Debug|Any CPU.Build.0 = Debug|Any CPU
		{ED591F78-3A9C-4FF1-BE20-29E15BF7BEE0}.Release|Any CPU.ActiveCfg = Release|Any CPU
		{ED591F78-3A9C-4FF1-BE20-29E15BF7BEE0}.Release|Any CPU.Build.0 = Release|Any CPU
		{509806A0-4B2C-4571-9113-147D243000EE}.Debug|Any CPU.ActiveCfg = Debug|Any CPU
		{509806A0-4B2C-4571-9113-147D243000EE}.Debug|Any CPU.Build.0 = Debug|Any CPU
		{509806A0-4B2C-4571-9113-147D243000EE}.Release|Any CPU.ActiveCfg = Release|Any CPU
		{509806A0-4B2C-4571-9113-147D243000EE}.Release|Any CPU.Build.0 = Release|Any CPU
		{D9A1616A-6F1E-4258-B53B-B3BFF6EF4AE8}.Debug|Any CPU.ActiveCfg = Debug|Any CPU
		{D9A1616A-6F1E-4258-B53B-B3BFF6EF4AE8}.Debug|Any CPU.Build.0 = Debug|Any CPU
		{D9A1616A-6F1E-4258-B53B-B3BFF6EF4AE8}.Release|Any CPU.ActiveCfg = Release|Any CPU
		{D9A1616A-6F1E-4258-B53B-B3BFF6EF4AE8}.Release|Any CPU.Build.0 = Release|Any CPU
		{7197AD60-1445-4F6D-9CFB-1BE019D4156C}.Debug|Any CPU.ActiveCfg = Debug|Any CPU
		{7197AD60-1445-4F6D-9CFB-1BE019D4156C}.Debug|Any CPU.Build.0 = Debug|Any CPU
		{7197AD60-1445-4F6D-9CFB-1BE019D4156C}.Release|Any CPU.ActiveCfg = Release|Any CPU
		{7197AD60-1445-4F6D-9CFB-1BE019D4156C}.Release|Any CPU.Build.0 = Release|Any CPU
		{D6B8433D-F59B-4422-B75D-FE43BF99141A}.Debug|Any CPU.ActiveCfg = Debug|Any CPU
		{D6B8433D-F59B-4422-B75D-FE43BF99141A}.Debug|Any CPU.Build.0 = Debug|Any CPU
		{D6B8433D-F59B-4422-B75D-FE43BF99141A}.Release|Any CPU.ActiveCfg = Release|Any CPU
		{D6B8433D-F59B-4422-B75D-FE43BF99141A}.Release|Any CPU.Build.0 = Release|Any CPU
		{3CF1E3BD-2BFB-4E4D-88F3-5964495E90E4}.Debug|Any CPU.ActiveCfg = Debug|Any CPU
		{3CF1E3BD-2BFB-4E4D-88F3-5964495E90E4}.Debug|Any CPU.Build.0 = Debug|Any CPU
		{3CF1E3BD-2BFB-4E4D-88F3-5964495E90E4}.Release|Any CPU.ActiveCfg = Release|Any CPU
		{3CF1E3BD-2BFB-4E4D-88F3-5964495E90E4}.Release|Any CPU.Build.0 = Release|Any CPU
		{683F3039-90EA-4D81-A27A-AADCD5DBE9F4}.Debug|Any CPU.ActiveCfg = Debug|Any CPU
		{683F3039-90EA-4D81-A27A-AADCD5DBE9F4}.Debug|Any CPU.Build.0 = Debug|Any CPU
		{683F3039-90EA-4D81-A27A-AADCD5DBE9F4}.Release|Any CPU.ActiveCfg = Release|Any CPU
		{683F3039-90EA-4D81-A27A-AADCD5DBE9F4}.Release|Any CPU.Build.0 = Release|Any CPU
		{B36D43FA-B5A1-4AE4-A4BC-D5F1291EB3B9}.Debug|Any CPU.ActiveCfg = Debug|Any CPU
		{B36D43FA-B5A1-4AE4-A4BC-D5F1291EB3B9}.Debug|Any CPU.Build.0 = Debug|Any CPU
		{B36D43FA-B5A1-4AE4-A4BC-D5F1291EB3B9}.Release|Any CPU.ActiveCfg = Release|Any CPU
		{B36D43FA-B5A1-4AE4-A4BC-D5F1291EB3B9}.Release|Any CPU.Build.0 = Release|Any CPU
		{B74ED9D8-1739-4078-B824-343E0BD29C06}.Debug|Any CPU.ActiveCfg = Debug|Any CPU
		{B74ED9D8-1739-4078-B824-343E0BD29C06}.Debug|Any CPU.Build.0 = Debug|Any CPU
		{B74ED9D8-1739-4078-B824-343E0BD29C06}.Release|Any CPU.ActiveCfg = Release|Any CPU
		{B74ED9D8-1739-4078-B824-343E0BD29C06}.Release|Any CPU.Build.0 = Release|Any CPU
		{94C08151-FD62-4D2C-A166-4C4195643C57}.Debug|Any CPU.ActiveCfg = Debug|Any CPU
		{94C08151-FD62-4D2C-A166-4C4195643C57}.Debug|Any CPU.Build.0 = Debug|Any CPU
		{94C08151-FD62-4D2C-A166-4C4195643C57}.Release|Any CPU.ActiveCfg = Release|Any CPU
		{94C08151-FD62-4D2C-A166-4C4195643C57}.Release|Any CPU.Build.0 = Release|Any CPU
		{59A2BB72-4287-4E86-AFB5-4F2E3143E3C2}.Debug|Any CPU.ActiveCfg = Debug|Any CPU
		{59A2BB72-4287-4E86-AFB5-4F2E3143E3C2}.Debug|Any CPU.Build.0 = Debug|Any CPU
		{59A2BB72-4287-4E86-AFB5-4F2E3143E3C2}.Release|Any CPU.ActiveCfg = Release|Any CPU
		{59A2BB72-4287-4E86-AFB5-4F2E3143E3C2}.Release|Any CPU.Build.0 = Release|Any CPU
		{8D77D6DE-5A8F-4832-B376-CFAA00094BD6}.Debug|Any CPU.ActiveCfg = Debug|Any CPU
		{8D77D6DE-5A8F-4832-B376-CFAA00094BD6}.Debug|Any CPU.Build.0 = Debug|Any CPU
		{8D77D6DE-5A8F-4832-B376-CFAA00094BD6}.Release|Any CPU.ActiveCfg = Release|Any CPU
		{8D77D6DE-5A8F-4832-B376-CFAA00094BD6}.Release|Any CPU.Build.0 = Release|Any CPU
		{43E1C084-99CB-45FE-B5BC-39BC5AB5266E}.Debug|Any CPU.ActiveCfg = Debug|Any CPU
		{43E1C084-99CB-45FE-B5BC-39BC5AB5266E}.Debug|Any CPU.Build.0 = Debug|Any CPU
		{43E1C084-99CB-45FE-B5BC-39BC5AB5266E}.Release|Any CPU.ActiveCfg = Release|Any CPU
		{43E1C084-99CB-45FE-B5BC-39BC5AB5266E}.Release|Any CPU.Build.0 = Release|Any CPU
		{60C94A0B-5B51-4B6B-B504-7B0671F70318}.Debug|Any CPU.ActiveCfg = Debug|Any CPU
		{60C94A0B-5B51-4B6B-B504-7B0671F70318}.Debug|Any CPU.Build.0 = Debug|Any CPU
		{60C94A0B-5B51-4B6B-B504-7B0671F70318}.Release|Any CPU.ActiveCfg = Release|Any CPU
		{60C94A0B-5B51-4B6B-B504-7B0671F70318}.Release|Any CPU.Build.0 = Release|Any CPU
		{822376D5-997C-445F-9A29-A7BD2BFFAE64}.Debug|Any CPU.ActiveCfg = Debug|Any CPU
		{822376D5-997C-445F-9A29-A7BD2BFFAE64}.Debug|Any CPU.Build.0 = Debug|Any CPU
		{822376D5-997C-445F-9A29-A7BD2BFFAE64}.Release|Any CPU.ActiveCfg = Release|Any CPU
		{822376D5-997C-445F-9A29-A7BD2BFFAE64}.Release|Any CPU.Build.0 = Release|Any CPU
		{3F3D02B6-C382-4573-A9A7-F48C6B03F3B4}.Debug|Any CPU.ActiveCfg = Debug|Any CPU
		{3F3D02B6-C382-4573-A9A7-F48C6B03F3B4}.Debug|Any CPU.Build.0 = Debug|Any CPU
		{3F3D02B6-C382-4573-A9A7-F48C6B03F3B4}.Release|Any CPU.ActiveCfg = Release|Any CPU
		{3F3D02B6-C382-4573-A9A7-F48C6B03F3B4}.Release|Any CPU.Build.0 = Release|Any CPU
	EndGlobalSection
	GlobalSection(SolutionProperties) = preSolution
		HideSolutionNode = FALSE
	EndGlobalSection
	GlobalSection(NestedProjects) = preSolution
		{EEADA5F9-D9FB-4648-9C1A-528DECC6B68E} = {54680C91-E8A3-4BAC-8E10-02741D6DF8C1}
		{8EF5E5DD-A030-47CF-A59A-064F9E9AB7FD} = {AEF02A7A-8BB2-4813-8E34-535EEF61011A}
		{CEEFA068-82E3-4588-954A-592ECCE2A510} = {AEF02A7A-8BB2-4813-8E34-535EEF61011A}
		{ED591F78-3A9C-4FF1-BE20-29E15BF7BEE0} = {AEF02A7A-8BB2-4813-8E34-535EEF61011A}
		{509806A0-4B2C-4571-9113-147D243000EE} = {C61C840A-313E-449F-A494-56987A69593B}
		{D9A1616A-6F1E-4258-B53B-B3BFF6EF4AE8} = {C61C840A-313E-449F-A494-56987A69593B}
		{7197AD60-1445-4F6D-9CFB-1BE019D4156C} = {C61C840A-313E-449F-A494-56987A69593B}
		{D6B8433D-F59B-4422-B75D-FE43BF99141A} = {05D04875-0592-4E7D-A0C3-45B82746810D}
		{3CF1E3BD-2BFB-4E4D-88F3-5964495E90E4} = {05D04875-0592-4E7D-A0C3-45B82746810D}
		{683F3039-90EA-4D81-A27A-AADCD5DBE9F4} = {05D04875-0592-4E7D-A0C3-45B82746810D}
		{B36D43FA-B5A1-4AE4-A4BC-D5F1291EB3B9} = {5A9D2542-2CDE-44A3-B792-C16B420D8414}
		{B74ED9D8-1739-4078-B824-343E0BD29C06} = {5A9D2542-2CDE-44A3-B792-C16B420D8414}
		{94C08151-FD62-4D2C-A166-4C4195643C57} = {5A9D2542-2CDE-44A3-B792-C16B420D8414}
		{59A2BB72-4287-4E86-AFB5-4F2E3143E3C2} = {EB7DA348-50B6-4C37-83A3-AE1A3F4E5C48}
		{8D77D6DE-5A8F-4832-B376-CFAA00094BD6} = {EB7DA348-50B6-4C37-83A3-AE1A3F4E5C48}
		{43E1C084-99CB-45FE-B5BC-39BC5AB5266E} = {EB7DA348-50B6-4C37-83A3-AE1A3F4E5C48}
		{60C94A0B-5B51-4B6B-B504-7B0671F70318} = {76366234-6514-4594-B574-7CB5F705C1A6}
		{822376D5-997C-445F-9A29-A7BD2BFFAE64} = {76366234-6514-4594-B574-7CB5F705C1A6}
		{3F3D02B6-C382-4573-A9A7-F48C6B03F3B4} = {76366234-6514-4594-B574-7CB5F705C1A6}
	EndGlobalSection
	GlobalSection(ExtensibilityGlobals) = postSolution
		SolutionGuid = {9C94180C-70A4-416A-8838-6930F815A563}
	EndGlobalSection
EndGlobal
